
Microsoft Visual Studio Solution File, Format Version 12.00
Project("{FAE04EC0-301F-11D3-BF4B-00C04F79EFBC}") = "Trie", "Trie\Trie.csproj", "{C662FEA2-94D5-4ABF-8F0F-A52BD9C0753A}"
EndProject
Project("{FAE04EC0-301F-11D3-BF4B-00C04F79EFBC}") = "TrieTest", "TrieTest\TrieTest.csproj", "{C55D1371-79D4-4578-AAE3-373ECF5F1061}"
EndProject
Global
	GlobalSection(SolutionConfigurationPlatforms) = preSolution
		Debug|Any CPU = Debug|Any CPU
		Release|Any CPU = Release|Any CPU
	EndGlobalSection
	GlobalSection(ProjectConfigurationPlatforms) = postSolution
		{C662FEA2-94D5-4ABF-8F0F-A52BD9C0753A}.Debug|Any CPU.ActiveCfg = Debug|Any CPU
		{C662FEA2-94D5-4ABF-8F0F-A52BD9C0753A}.Debug|Any CPU.Build.0 = Debug|Any CPU
		{C662FEA2-94D5-4ABF-8F0F-A52BD9C0753A}.Release|Any CPU.ActiveCfg = Release|Any CPU
		{C662FEA2-94D5-4ABF-8F0F-A52BD9C0753A}.Release|Any CPU.Build.0 = Release|Any CPU
		{C55D1371-79D4-4578-AAE3-373ECF5F1061}.Debug|Any CPU.ActiveCfg = Debug|Any CPU
		{C55D1371-79D4-4578-AAE3-373ECF5F1061}.Debug|Any CPU.Build.0 = Debug|Any CPU
		{C55D1371-79D4-4578-AAE3-373ECF5F1061}.Release|Any CPU.ActiveCfg = Release|Any CPU
		{C55D1371-79D4-4578-AAE3-373ECF5F1061}.Release|Any CPU.Build.0 = Release|Any CPU
	EndGlobalSection
EndGlobal
