
Microsoft Visual Studio Solution File, Format Version 12.00
Project("{FAE04EC0-301F-11D3-BF4B-00C04F79EFBC}") = "SkipList", "SkipList\SkipList.csproj", "{DE00643B-C3A1-4A50-8C5C-A546DAB92E0D}"
EndProject
Project("{FAE04EC0-301F-11D3-BF4B-00C04F79EFBC}") = "SkipListTest", "SkipListTest\SkipListTest.csproj", "{FC96D9A4-AB63-495B-B794-82824F6010D5}"
EndProject
Global
	GlobalSection(SolutionConfigurationPlatforms) = preSolution
		Debug|Any CPU = Debug|Any CPU
		Release|Any CPU = Release|Any CPU
	EndGlobalSection
	GlobalSection(ProjectConfigurationPlatforms) = postSolution
		{DE00643B-C3A1-4A50-8C5C-A546DAB92E0D}.Debug|Any CPU.ActiveCfg = Debug|Any CPU
		{DE00643B-C3A1-4A50-8C5C-A546DAB92E0D}.Debug|Any CPU.Build.0 = Debug|Any CPU
		{DE00643B-C3A1-4A50-8C5C-A546DAB92E0D}.Release|Any CPU.ActiveCfg = Release|Any CPU
		{DE00643B-C3A1-4A50-8C5C-A546DAB92E0D}.Release|Any CPU.Build.0 = Release|Any CPU
		{FC96D9A4-AB63-495B-B794-82824F6010D5}.Debug|Any CPU.ActiveCfg = Debug|Any CPU
		{FC96D9A4-AB63-495B-B794-82824F6010D5}.Debug|Any CPU.Build.0 = Debug|Any CPU
		{FC96D9A4-AB63-495B-B794-82824F6010D5}.Release|Any CPU.ActiveCfg = Release|Any CPU
		{FC96D9A4-AB63-495B-B794-82824F6010D5}.Release|Any CPU.Build.0 = Release|Any CPU
	EndGlobalSection
EndGlobal
